
Microsoft Visual Studio Solution File, Format Version 10.00
# Visual Studio 2008
Project("{FAE04EC0-301F-11D3-BF4B-00C04F79EFBC}") = "DM-MD-Example", "DM-MD-Example\DM-MD-Example.csproj", "{516D6E2F-AEF9-4BF5-931B-B4E2D2E2A433}"
EndProject
Global
	GlobalSection(SolutionConfigurationPlatforms) = preSolution
		Debug|Any CPU = Debug|Any CPU
		Release|Any CPU = Release|Any CPU
	EndGlobalSection
	GlobalSection(ProjectConfigurationPlatforms) = postSolution
		{516D6E2F-AEF9-4BF5-931B-B4E2D2E2A433}.Debug|Any CPU.ActiveCfg = Debug|Any CPU
		{516D6E2F-AEF9-4BF5-931B-B4E2D2E2A433}.Debug|Any CPU.Build.0 = Debug|Any CPU
		{516D6E2F-AEF9-4BF5-931B-B4E2D2E2A433}.Release|Any CPU.ActiveCfg = Release|Any CPU
		{516D6E2F-AEF9-4BF5-931B-B4E2D2E2A433}.Release|Any CPU.Build.0 = Release|Any CPU
	EndGlobalSection
	GlobalSection(SolutionProperties) = preSolution
		HideSolutionNode = FALSE
	EndGlobalSection
EndGlobal
